// !$*UTF8*$!
{
	archiveVersion = 1;
	classes = {
	};
	objectVersion = 51;
	objects = {

/* Begin PBXBuildFile section */
		0023C0FC2517C92B0042B50C /* Main.storyboard in Resources */ = {isa = PBXBuildFile; fileRef = 0023C0FA2517C92B0042B50C /* Main.storyboard */; };
		0060807E23795453006FFBD2 /* constants.swift in Sources */ = {isa = PBXBuildFile; fileRef = 0060807D23795453006FFBD2 /* constants.swift */; };
		00608083237B404F006FFBD2 /* LocalAuthentication.framework in Frameworks */ = {isa = PBXBuildFile; fileRef = 00608082237B404F006FFBD2 /* LocalAuthentication.framework */; };
		006B1EE6234CC25B0045B6B4 /* custom.swift in Sources */ = {isa = PBXBuildFile; fileRef = 006B1EE5234CC25B0045B6B4 /* custom.swift */; };
		006B1EE8234CC2720045B6B4 /* dPayApi.swift in Sources */ = {isa = PBXBuildFile; fileRef = 006B1EE7234CC2720045B6B4 /* dPayApi.swift */; };
		0080FAC4234CA0B900B6D636 /* blockchain.swift in Sources */ = {isa = PBXBuildFile; fileRef = 0080FAC3234CA0B900B6D636 /* blockchain.swift */; };
		28AA4F6D6F9B6977B988457B /* Pods_DigiliraPay.framework in Frameworks */ = {isa = PBXBuildFile; fileRef = 6B7278F70D172AF69D354796 /* Pods_DigiliraPay.framework */; };
		880541F62319692D004EE85F /* TableViewCellExtension.swift in Sources */ = {isa = PBXBuildFile; fileRef = 880541F52319692C004EE85F /* TableViewCellExtension.swift */; };
		880541FA2319702B004EE85F /* CoinTableViewCell.swift in Sources */ = {isa = PBXBuildFile; fileRef = 880541F82319702B004EE85F /* CoinTableViewCell.swift */; };
		880541FB2319702B004EE85F /* CoinTableViewCell.xib in Resources */ = {isa = PBXBuildFile; fileRef = 880541F92319702B004EE85F /* CoinTableViewCell.xib */; };
		880664EF22FEFF5B00C4DF69 /* OnBoardingView.swift in Sources */ = {isa = PBXBuildFile; fileRef = 880664EE22FEFF5B00C4DF69 /* OnBoardingView.swift */; };
		88114F622321602800AB3B5A /* ProfileUpgradeView.xib in Resources */ = {isa = PBXBuildFile; fileRef = 88114F612321602800AB3B5A /* ProfileUpgradeView.xib */; };
		88114F642321604100AB3B5A /* ProfilUpgradeView.swift in Sources */ = {isa = PBXBuildFile; fileRef = 88114F632321604100AB3B5A /* ProfilUpgradeView.swift */; };
		88114F6623216A8E00AB3B5A /* sendWithQR.xib in Resources */ = {isa = PBXBuildFile; fileRef = 88114F6523216A8E00AB3B5A /* sendWithQR.xib */; };
		88114F6823216A9500AB3B5A /* sendWithQR.swift in Sources */ = {isa = PBXBuildFile; fileRef = 88114F6723216A9500AB3B5A /* sendWithQR.swift */; };
		88114F6A2321703800AB3B5A /* SendWithQrDelegate.swift in Sources */ = {isa = PBXBuildFile; fileRef = 88114F692321703800AB3B5A /* SendWithQrDelegate.swift */; };
		882AAB0322FC96DD004CDAA6 /* AppDelegate.swift in Sources */ = {isa = PBXBuildFile; fileRef = 882AAB0222FC96DD004CDAA6 /* AppDelegate.swift */; };
		882AAB0522FC96DD004CDAA6 /* SceneDelegate.swift in Sources */ = {isa = PBXBuildFile; fileRef = 882AAB0422FC96DD004CDAA6 /* SceneDelegate.swift */; };
		882AAB0722FC96DD004CDAA6 /* OnBoardingVC.swift in Sources */ = {isa = PBXBuildFile; fileRef = 882AAB0622FC96DD004CDAA6 /* OnBoardingVC.swift */; };
		882AAB0C22FC96DE004CDAA6 /* Assets.xcassets in Resources */ = {isa = PBXBuildFile; fileRef = 882AAB0B22FC96DE004CDAA6 /* Assets.xcassets */; };
		882AAB0F22FC96DE004CDAA6 /* LaunchScreen.storyboard in Resources */ = {isa = PBXBuildFile; fileRef = 882AAB0D22FC96DE004CDAA6 /* LaunchScreen.storyboard */; };
		882B9B6722FEFAA500D6E7B6 /* OnBoardingView.xib in Resources */ = {isa = PBXBuildFile; fileRef = 882B9B6622FEFAA500D6E7B6 /* OnBoardingView.xib */; };
		882E99BD232301BB0061C7AC /* LetsStartSkipDelegate.swift in Sources */ = {isa = PBXBuildFile; fileRef = 882E99BC232301BB0061C7AC /* LetsStartSkipDelegate.swift */; };
		88309EBE231FD08500F96C05 /* LoadCoinDelegate.swift in Sources */ = {isa = PBXBuildFile; fileRef = 88309EBD231FD08500F96C05 /* LoadCoinDelegate.swift */; };
		88309EC0231FD36000F96C05 /* VerifyAccountView.xib in Resources */ = {isa = PBXBuildFile; fileRef = 88309EBF231FD36000F96C05 /* VerifyAccountView.xib */; };
		88309EC2231FD38200F96C05 /* VerifyAccountView.swift in Sources */ = {isa = PBXBuildFile; fileRef = 88309EC1231FD38200F96C05 /* VerifyAccountView.swift */; };
		885C1662233371C00018D5EF /* LetsStartWordsView.swift in Sources */ = {isa = PBXBuildFile; fileRef = 885C1661233371C00018D5EF /* LetsStartWordsView.swift */; };
		888F26AF233E89B800AB7E4C /* PinView.xib in Resources */ = {isa = PBXBuildFile; fileRef = 888F26AE233E89B800AB7E4C /* PinView.xib */; };
		888F26B1233E8DF500AB7E4C /* PinView.swift in Sources */ = {isa = PBXBuildFile; fileRef = 888F26B0233E8DF500AB7E4C /* PinView.swift */; };
		888F26B3233E9DF700AB7E4C /* PinViewDelegate.swift in Sources */ = {isa = PBXBuildFile; fileRef = 888F26B2233E9DF700AB7E4C /* PinViewDelegate.swift */; };
		8891704523058673005AAA02 /* LetsStartVC.swift in Sources */ = {isa = PBXBuildFile; fileRef = 8891704423058673005AAA02 /* LetsStartVC.swift */; };
		889F2A2123158BAB00ACD656 /* MenuView.xib in Resources */ = {isa = PBXBuildFile; fileRef = 889F2A2023158BAB00ACD656 /* MenuView.xib */; };
		889F2A2323158C5D00ACD656 /* ProfileMenuview.xib in Resources */ = {isa = PBXBuildFile; fileRef = 889F2A2223158C5D00ACD656 /* ProfileMenuview.xib */; };
		889F2A2523158D5400ACD656 /* ProfileMenuView.swift in Sources */ = {isa = PBXBuildFile; fileRef = 889F2A2423158D5400ACD656 /* ProfileMenuView.swift */; };
		889F2A272316D8D400ACD656 /* Languages.swift in Sources */ = {isa = PBXBuildFile; fileRef = 889F2A262316D8D400ACD656 /* Languages.swift */; };
		88A6BA45232020E7002640D6 /* VerifyAccountDelegate.swift in Sources */ = {isa = PBXBuildFile; fileRef = 88A6BA44232020E7002640D6 /* VerifyAccountDelegate.swift */; };
		88A6BA4723203570002640D6 /* LegalView.xib in Resources */ = {isa = PBXBuildFile; fileRef = 88A6BA4623203570002640D6 /* LegalView.xib */; };
		88A6BA4923203580002640D6 /* LegalView.swift in Sources */ = {isa = PBXBuildFile; fileRef = 88A6BA4823203580002640D6 /* LegalView.swift */; };
		88A6BA4B232039D7002640D6 /* LegalDelegate.swift in Sources */ = {isa = PBXBuildFile; fileRef = 88A6BA4A232039D7002640D6 /* LegalDelegate.swift */; };
		88A6BA512321485A002640D6 /* ImportAccountVC.swift in Sources */ = {isa = PBXBuildFile; fileRef = 88A6BA502321485A002640D6 /* ImportAccountVC.swift */; };
		88BEDFAE23101AC80003C371 /* Verify&StartView.xib in Resources */ = {isa = PBXBuildFile; fileRef = 88BEDFAD23101AC80003C371 /* Verify&StartView.xib */; };
		88BEDFB023101AD80003C371 /* Verify&StartView.swift in Sources */ = {isa = PBXBuildFile; fileRef = 88BEDFAF23101AD80003C371 /* Verify&StartView.swift */; };
		88CA93612319741A008F894B /* MenuViewDelegate.swift in Sources */ = {isa = PBXBuildFile; fileRef = 88CA93602319741A008F894B /* MenuViewDelegate.swift */; };
		88CA93642319792A008F894B /* WalletView.xib in Resources */ = {isa = PBXBuildFile; fileRef = 88CA93632319792A008F894B /* WalletView.xib */; };
		88CA93662319793B008F894B /* WalletView.swift in Sources */ = {isa = PBXBuildFile; fileRef = 88CA93652319793B008F894B /* WalletView.swift */; };
		88CA9368231979C3008F894B /* WalletOperationButtonSView.xib in Resources */ = {isa = PBXBuildFile; fileRef = 88CA9367231979C3008F894B /* WalletOperationButtonSView.xib */; };
		88CA936A231979CD008F894B /* WalletOperationButtonSView.swift in Sources */ = {isa = PBXBuildFile; fileRef = 88CA9369231979CD008F894B /* WalletOperationButtonSView.swift */; };
		88CA936D2319A6C6008F894B /* transactionHistoryCell.swift in Sources */ = {isa = PBXBuildFile; fileRef = 88CA936B2319A6C6008F894B /* transactionHistoryCell.swift */; };
		88CA936E2319A6C6008F894B /* transactionHistoryCell.xib in Resources */ = {isa = PBXBuildFile; fileRef = 88CA936C2319A6C6008F894B /* transactionHistoryCell.xib */; };
		88CA9370231A4750008F894B /* TransactionDetailView.xib in Resources */ = {isa = PBXBuildFile; fileRef = 88CA936F231A4750008F894B /* TransactionDetailView.xib */; };
		88CA9372231A475F008F894B /* TransactionDetailView.swift in Sources */ = {isa = PBXBuildFile; fileRef = 88CA9371231A475F008F894B /* TransactionDetailView.swift */; };
		88CA9377231A488A008F894B /* TransactionHistoryDetailCellHeader.swift in Sources */ = {isa = PBXBuildFile; fileRef = 88CA9375231A488A008F894B /* TransactionHistoryDetailCellHeader.swift */; };
		88CA9378231A488A008F894B /* TransactionHistoryDetailCellHeader.xib in Resources */ = {isa = PBXBuildFile; fileRef = 88CA9376231A488A008F894B /* TransactionHistoryDetailCellHeader.xib */; };
		88CA937B231A48A0008F894B /* TransactionHistoryDetailCellDeatils.swift in Sources */ = {isa = PBXBuildFile; fileRef = 88CA9379231A48A0008F894B /* TransactionHistoryDetailCellDeatils.swift */; };
		88CA937C231A48A0008F894B /* TransactionHistoryDetailCellDeatils.xib in Resources */ = {isa = PBXBuildFile; fileRef = 88CA937A231A48A0008F894B /* TransactionHistoryDetailCellDeatils.xib */; };
		88CA937F231A4AE6008F894B /* UIViewExtensions.swift in Sources */ = {isa = PBXBuildFile; fileRef = 88CA937E231A4AE6008F894B /* UIViewExtensions.swift */; };
		88CA9381231A4B04008F894B /* UIScrollViewExtensions.swift in Sources */ = {isa = PBXBuildFile; fileRef = 88CA9380231A4B04008F894B /* UIScrollViewExtensions.swift */; };
		88CA9383231A5F46008F894B /* TransactionDetailCloseDelegate.swift in Sources */ = {isa = PBXBuildFile; fileRef = 88CA9382231A5F46008F894B /* TransactionDetailCloseDelegate.swift */; };
		88CA9389231B9866008F894B /* OperationButtonsDelegate.swift in Sources */ = {isa = PBXBuildFile; fileRef = 88CA9388231B9866008F894B /* OperationButtonsDelegate.swift */; };
		88CA938F231BD0AE008F894B /* ProfileSettingsView.swift in Sources */ = {isa = PBXBuildFile; fileRef = 88CA938E231BD0AE008F894B /* ProfileSettingsView.swift */; };
		88CA9391231CF4AE008F894B /* ProfileMenuDelegate.swift in Sources */ = {isa = PBXBuildFile; fileRef = 88CA9390231CF4AE008F894B /* ProfileMenuDelegate.swift */; };
		88E03346233CB68400620541 /* Colors.xcassets in Resources */ = {isa = PBXBuildFile; fileRef = 88E03345233CB68400620541 /* Colors.xcassets */; };
		88F3F957230FD92600D81F2B /* LetsStartWordView.xib in Resources */ = {isa = PBXBuildFile; fileRef = 88F3F956230FD92600D81F2B /* LetsStartWordView.xib */; };
		88F4A1BB2312AD63007172A6 /* MainScreen.swift in Sources */ = {isa = PBXBuildFile; fileRef = 88F4A1BA2312AD63007172A6 /* MainScreen.swift */; };
		88F4A1BF2312AF7B007172A6 /* MenuView.swift in Sources */ = {isa = PBXBuildFile; fileRef = 88F4A1BE2312AF7B007172A6 /* MenuView.swift */; };
		88F4A1C42312CA56007172A6 /* MockImages.xcassets in Resources */ = {isa = PBXBuildFile; fileRef = 88F4A1C32312CA56007172A6 /* MockImages.xcassets */; };
		9317703225946CB400A6EC5F /* TransferModel.swift in Sources */ = {isa = PBXBuildFile; fileRef = 9317703125946CB400A6EC5F /* TransferModel.swift */; };
		932A59C02584FA1900B64EA9 /* warningView.xib in Resources */ = {isa = PBXBuildFile; fileRef = 932A59BF2584FA1900B64EA9 /* warningView.xib */; };
		932A59C32584FA6200B64EA9 /* warningView.swift in Sources */ = {isa = PBXBuildFile; fileRef = 932A59C22584FA6200B64EA9 /* warningView.swift */; };
		93390886255A76D40005B64A /* cloudflaressl.cer in Resources */ = {isa = PBXBuildFile; fileRef = 93390885255A76CD0005B64A /* cloudflaressl.cer */; };
		93390895255AB18F0005B64A /* bitexen.com.cer in Resources */ = {isa = PBXBuildFile; fileRef = 93390893255AB1230005B64A /* bitexen.com.cer */; };
		93390896255AB18F0005B64A /* wavesnodes.com.cer in Resources */ = {isa = PBXBuildFile; fileRef = 93390894255AB1760005B64A /* wavesnodes.com.cer */; };
		9342427F2586AF7E009D6024 /* OrderDetailView.xib in Resources */ = {isa = PBXBuildFile; fileRef = 9342427E2586AF7E009D6024 /* OrderDetailView.xib */; };
		934242822586B1F0009D6024 /* OrderDetailView.swift in Sources */ = {isa = PBXBuildFile; fileRef = 934242812586B1F0009D6024 /* OrderDetailView.swift */; };
		934F3C4825889950007CFC19 /* string.tr.swift in Sources */ = {isa = PBXBuildFile; fileRef = 934F3C4725889950007CFC19 /* string.tr.swift */; };
		934F3C4C2588F627007CFC19 /* mainnet.swift in Sources */ = {isa = PBXBuildFile; fileRef = 934F3C4B2588F627007CFC19 /* mainnet.swift */; };
		934F3C50258A4A9F007CFC19 /* SendMoneyCard.xib in Resources */ = {isa = PBXBuildFile; fileRef = 934F3C4F258A4A9E007CFC19 /* SendMoneyCard.xib */; };
		934F3C53258A4C37007CFC19 /* SendMoneyCard.swift in Sources */ = {isa = PBXBuildFile; fileRef = 934F3C52258A4C37007CFC19 /* SendMoneyCard.swift */; };
		93534036253C4F2C00FFEA4D /* newSendView.xib in Resources */ = {isa = PBXBuildFile; fileRef = 93534035253C4F2C00FFEA4D /* newSendView.xib */; };
		93534039253C528600FFEA4D /* newSendView.swift in Sources */ = {isa = PBXBuildFile; fileRef = 93534038253C528600FFEA4D /* newSendView.swift */; };
		93534F1825496A950000329F /* bitexenApiView.xib in Resources */ = {isa = PBXBuildFile; fileRef = 93534F1725496A950000329F /* bitexenApiView.xib */; };
		93534F1B2549851A0000329F /* BitexenAPIView.swift in Sources */ = {isa = PBXBuildFile; fileRef = 93534F1A2549851A0000329F /* BitexenAPIView.swift */; };
		93534F1E2549958C0000329F /* bitexenSignature.swift in Sources */ = {isa = PBXBuildFile; fileRef = 93534F1D2549958C0000329F /* bitexenSignature.swift */; };
		9360FE62258F6B510064C579 /* LogoAnimation.xib in Resources */ = {isa = PBXBuildFile; fileRef = 9360FE61258F6B510064C579 /* LogoAnimation.xib */; };
		9360FE65258F6C990064C579 /* LogoAnimation.swift in Sources */ = {isa = PBXBuildFile; fileRef = 9360FE64258F6C990064C579 /* LogoAnimation.swift */; };
		936F25B125323B0300C5FA85 /* ColoredCardView.xib in Resources */ = {isa = PBXBuildFile; fileRef = 936F25B025323B0300C5FA85 /* ColoredCardView.xib */; };
		936F25B425323B2E00C5FA85 /* ColoredCardView.swift in Sources */ = {isa = PBXBuildFile; fileRef = 936F25B325323B2E00C5FA85 /* ColoredCardView.swift */; };
		936F25B725323B3900C5FA85 /* UIViewExtension.swift in Sources */ = {isa = PBXBuildFile; fileRef = 936F25B625323B3900C5FA85 /* UIViewExtension.swift */; };
		93757C21256D43060066A7B9 /* PayTableViewCell.xib in Resources */ = {isa = PBXBuildFile; fileRef = 93757C20256D43060066A7B9 /* PayTableViewCell.xib */; };
		93757C24256D43A90066A7B9 /* PayTableViewCell.swift in Sources */ = {isa = PBXBuildFile; fileRef = 93757C23256D43A90066A7B9 /* PayTableViewCell.swift */; };
		93757C28256E3EAD0066A7B9 /* PageCardView.xib in Resources */ = {isa = PBXBuildFile; fileRef = 93757C27256E3EAC0066A7B9 /* PageCardView.xib */; };
		93757C2B256E3FDC0066A7B9 /* PageCardView.swift in Sources */ = {isa = PBXBuildFile; fileRef = 93757C2A256E3FDC0066A7B9 /* PageCardView.swift */; };
		93757C2E256E55AF0066A7B9 /* BalanceCard.xib in Resources */ = {isa = PBXBuildFile; fileRef = 93757C2D256E55AF0066A7B9 /* BalanceCard.xib */; };
		93757C31256E560B0066A7B9 /* BalanceCard.swift in Sources */ = {isa = PBXBuildFile; fileRef = 93757C30256E560B0066A7B9 /* BalanceCard.swift */; };
		938BC119258FB4FB007DAC3B /* MainScreenExt.swift in Sources */ = {isa = PBXBuildFile; fileRef = 938BC118258FB4FB007DAC3B /* MainScreenExt.swift */; };
		939FD249258BA69D00964E97 /* TransferConfirmationView.xib in Resources */ = {isa = PBXBuildFile; fileRef = 939FD248258BA69D00964E97 /* TransferConfirmationView.xib */; };
		93A3CC33258C7F5900E89E6E /* TransferConfirmationView.swift in Sources */ = {isa = PBXBuildFile; fileRef = 93A3CC32258C7F5900E89E6E /* TransferConfirmationView.swift */; };
		93B7A11B252F0D8000C89E66 /* PaymentCategories.xib in Resources */ = {isa = PBXBuildFile; fileRef = 93B7A11A252F0D8000C89E66 /* PaymentCategories.xib */; };
		93B7A11E252F0F0A00C89E66 /* PaymentCategories.swift in Sources */ = {isa = PBXBuildFile; fileRef = 93B7A11D252F0F0A00C89E66 /* PaymentCategories.swift */; };
		93CAC397259225B9006B8FB7 /* PaymentModel.swift in Sources */ = {isa = PBXBuildFile; fileRef = 93CAC396259225B9006B8FB7 /* PaymentModel.swift */; };
		93E9D552257A930D00FE19D8 /* ErrorHandling.swift in Sources */ = {isa = PBXBuildFile; fileRef = 93E9D551257A930D00FE19D8 /* ErrorHandling.swift */; };
		93F79FD3257E0D48006DC148 /* ParaYatirView.xib in Resources */ = {isa = PBXBuildFile; fileRef = 93F79FD2257E0D48006DC148 /* ParaYatirView.xib */; };
		93F79FD7257E1139006DC148 /* ParaYatirView.swift in Sources */ = {isa = PBXBuildFile; fileRef = 93F79FD6257E1139006DC148 /* ParaYatirView.swift */; };
		93F79FDA257E5B4C006DC148 /* CreditCardView.xib in Resources */ = {isa = PBXBuildFile; fileRef = 93F79FD9257E5B4C006DC148 /* CreditCardView.xib */; };
		93F79FDD257E5CC7006DC148 /* CreditCardView.swift in Sources */ = {isa = PBXBuildFile; fileRef = 93F79FDC257E5CC7006DC148 /* CreditCardView.swift */; };
		93F79FE32580F6EB006DC148 /* HeaderExitView.xib in Resources */ = {isa = PBXBuildFile; fileRef = 93F79FE22580F6EA006DC148 /* HeaderExitView.xib */; };
		93F79FE62580F89D006DC148 /* HeaderExitView.swift in Sources */ = {isa = PBXBuildFile; fileRef = 93F79FE52580F89D006DC148 /* HeaderExitView.swift */; };
		93FC66C02562AB4E00E42AAC /* binance.swift in Sources */ = {isa = PBXBuildFile; fileRef = 93FC66BF2562AB4E00E42AAC /* binance.swift */; };
		93FC66C32562ABAB00E42AAC /* binance.com.cer in Resources */ = {isa = PBXBuildFile; fileRef = 93FC66C22562AB9400E42AAC /* binance.com.cer */; };
/* End PBXBuildFile section */

/* Begin PBXFileReference section */
		0023C0FB2517C92B0042B50C /* Base */ = {isa = PBXFileReference; lastKnownFileType = file.storyboard; name = Base; path = Base.lproj/Main.storyboard; sourceTree = "<group>"; };
		003B3508234E2299004EE63F /* WavesSDK.framework */ = {isa = PBXFileReference; explicitFileType = wrapper.framework; path = WavesSDK.framework; sourceTree = BUILT_PRODUCTS_DIR; };
		003B3509234E2299004EE63F /* WavesSDKCrypto.framework */ = {isa = PBXFileReference; explicitFileType = wrapper.framework; path = WavesSDKCrypto.framework; sourceTree = BUILT_PRODUCTS_DIR; };
		003B350A234E2299004EE63F /* WavesSDKExtensions.framework */ = {isa = PBXFileReference; explicitFileType = wrapper.framework; path = WavesSDKExtensions.framework; sourceTree = BUILT_PRODUCTS_DIR; };
		0060807D23795453006FFBD2 /* constants.swift */ = {isa = PBXFileReference; lastKnownFileType = sourcecode.swift; path = constants.swift; sourceTree = "<group>"; };
		00608081237B1573006FFBD2 /* DigiliraPayRelease.entitlements */ = {isa = PBXFileReference; lastKnownFileType = text.plist.entitlements; path = DigiliraPayRelease.entitlements; sourceTree = "<group>"; };
		00608082237B404F006FFBD2 /* LocalAuthentication.framework */ = {isa = PBXFileReference; lastKnownFileType = wrapper.framework; name = LocalAuthentication.framework; path = System/Library/Frameworks/LocalAuthentication.framework; sourceTree = SDKROOT; };
		006B1EE5234CC25B0045B6B4 /* custom.swift */ = {isa = PBXFileReference; lastKnownFileType = sourcecode.swift; path = custom.swift; sourceTree = "<group>"; };
		006B1EE7234CC2720045B6B4 /* dPayApi.swift */ = {isa = PBXFileReference; lastKnownFileType = sourcecode.swift; path = dPayApi.swift; sourceTree = "<group>"; };
		0080FAC3234CA0B900B6D636 /* blockchain.swift */ = {isa = PBXFileReference; lastKnownFileType = sourcecode.swift; path = blockchain.swift; sourceTree = "<group>"; };
		232267938E12104C73060CF6 /* Pods-DigiliraPay.debug.xcconfig */ = {isa = PBXFileReference; includeInIndex = 1; lastKnownFileType = text.xcconfig; name = "Pods-DigiliraPay.debug.xcconfig"; path = "Target Support Files/Pods-DigiliraPay/Pods-DigiliraPay.debug.xcconfig"; sourceTree = "<group>"; };
		6B7278F70D172AF69D354796 /* Pods_DigiliraPay.framework */ = {isa = PBXFileReference; explicitFileType = wrapper.framework; includeInIndex = 0; path = Pods_DigiliraPay.framework; sourceTree = BUILT_PRODUCTS_DIR; };
		71F87FB64A359B715E1F208F /* Pods-DigiliraPay.release.xcconfig */ = {isa = PBXFileReference; includeInIndex = 1; lastKnownFileType = text.xcconfig; name = "Pods-DigiliraPay.release.xcconfig"; path = "Target Support Files/Pods-DigiliraPay/Pods-DigiliraPay.release.xcconfig"; sourceTree = "<group>"; };
		880541F52319692C004EE85F /* TableViewCellExtension.swift */ = {isa = PBXFileReference; lastKnownFileType = sourcecode.swift; path = TableViewCellExtension.swift; sourceTree = "<group>"; };
		880541F82319702B004EE85F /* CoinTableViewCell.swift */ = {isa = PBXFileReference; lastKnownFileType = sourcecode.swift; path = CoinTableViewCell.swift; sourceTree = "<group>"; };
		880541F92319702B004EE85F /* CoinTableViewCell.xib */ = {isa = PBXFileReference; lastKnownFileType = file.xib; path = CoinTableViewCell.xib; sourceTree = "<group>"; };
		880664EE22FEFF5B00C4DF69 /* OnBoardingView.swift */ = {isa = PBXFileReference; lastKnownFileType = sourcecode.swift; path = OnBoardingView.swift; sourceTree = "<group>"; };
		88114F612321602800AB3B5A /* ProfileUpgradeView.xib */ = {isa = PBXFileReference; lastKnownFileType = file.xib; path = ProfileUpgradeView.xib; sourceTree = "<group>"; };
		88114F632321604100AB3B5A /* ProfilUpgradeView.swift */ = {isa = PBXFileReference; lastKnownFileType = sourcecode.swift; path = ProfilUpgradeView.swift; sourceTree = "<group>"; };
		88114F6523216A8E00AB3B5A /* sendWithQR.xib */ = {isa = PBXFileReference; lastKnownFileType = file.xib; path = sendWithQR.xib; sourceTree = "<group>"; };
		88114F6723216A9500AB3B5A /* sendWithQR.swift */ = {isa = PBXFileReference; lastKnownFileType = sourcecode.swift; path = sendWithQR.swift; sourceTree = "<group>"; };
		88114F692321703800AB3B5A /* SendWithQrDelegate.swift */ = {isa = PBXFileReference; lastKnownFileType = sourcecode.swift; path = SendWithQrDelegate.swift; sourceTree = "<group>"; };
		8816BE7D233F48A900318309 /* DigiliraPay.entitlements */ = {isa = PBXFileReference; lastKnownFileType = text.plist.entitlements; path = DigiliraPay.entitlements; sourceTree = "<group>"; };
		882AAAFF22FC96DD004CDAA6 /* DigiliraPay.app */ = {isa = PBXFileReference; explicitFileType = wrapper.application; includeInIndex = 0; path = DigiliraPay.app; sourceTree = BUILT_PRODUCTS_DIR; };
		882AAB0222FC96DD004CDAA6 /* AppDelegate.swift */ = {isa = PBXFileReference; lastKnownFileType = sourcecode.swift; path = AppDelegate.swift; sourceTree = "<group>"; };
		882AAB0422FC96DD004CDAA6 /* SceneDelegate.swift */ = {isa = PBXFileReference; lastKnownFileType = sourcecode.swift; path = SceneDelegate.swift; sourceTree = "<group>"; };
		882AAB0622FC96DD004CDAA6 /* OnBoardingVC.swift */ = {isa = PBXFileReference; lastKnownFileType = sourcecode.swift; path = OnBoardingVC.swift; sourceTree = "<group>"; };
		882AAB0B22FC96DE004CDAA6 /* Assets.xcassets */ = {isa = PBXFileReference; lastKnownFileType = folder.assetcatalog; path = Assets.xcassets; sourceTree = "<group>"; };
		882AAB0E22FC96DE004CDAA6 /* Base */ = {isa = PBXFileReference; lastKnownFileType = file.storyboard; name = Base; path = Base.lproj/LaunchScreen.storyboard; sourceTree = "<group>"; };
		882AAB1022FC96DE004CDAA6 /* Info.plist */ = {isa = PBXFileReference; lastKnownFileType = text.plist.xml; path = Info.plist; sourceTree = "<group>"; };
		882B9B6622FEFAA500D6E7B6 /* OnBoardingView.xib */ = {isa = PBXFileReference; lastKnownFileType = file.xib; path = OnBoardingView.xib; sourceTree = "<group>"; };
		882E99BC232301BB0061C7AC /* LetsStartSkipDelegate.swift */ = {isa = PBXFileReference; lastKnownFileType = sourcecode.swift; path = LetsStartSkipDelegate.swift; sourceTree = "<group>"; };
		88309EBD231FD08500F96C05 /* LoadCoinDelegate.swift */ = {isa = PBXFileReference; lastKnownFileType = sourcecode.swift; path = LoadCoinDelegate.swift; sourceTree = "<group>"; };
		88309EBF231FD36000F96C05 /* VerifyAccountView.xib */ = {isa = PBXFileReference; lastKnownFileType = file.xib; path = VerifyAccountView.xib; sourceTree = "<group>"; };
		88309EC1231FD38200F96C05 /* VerifyAccountView.swift */ = {isa = PBXFileReference; lastKnownFileType = sourcecode.swift; path = VerifyAccountView.swift; sourceTree = "<group>"; };
		885C1661233371C00018D5EF /* LetsStartWordsView.swift */ = {isa = PBXFileReference; fileEncoding = 4; lastKnownFileType = sourcecode.swift; path = LetsStartWordsView.swift; sourceTree = "<group>"; };
		888F26AE233E89B800AB7E4C /* PinView.xib */ = {isa = PBXFileReference; lastKnownFileType = file.xib; path = PinView.xib; sourceTree = "<group>"; };
		888F26B0233E8DF500AB7E4C /* PinView.swift */ = {isa = PBXFileReference; lastKnownFileType = sourcecode.swift; path = PinView.swift; sourceTree = "<group>"; };
		888F26B2233E9DF700AB7E4C /* PinViewDelegate.swift */ = {isa = PBXFileReference; lastKnownFileType = sourcecode.swift; path = PinViewDelegate.swift; sourceTree = "<group>"; };
		8891704423058673005AAA02 /* LetsStartVC.swift */ = {isa = PBXFileReference; lastKnownFileType = sourcecode.swift; path = LetsStartVC.swift; sourceTree = "<group>"; };
		889F2A2023158BAB00ACD656 /* MenuView.xib */ = {isa = PBXFileReference; lastKnownFileType = file.xib; path = MenuView.xib; sourceTree = "<group>"; };
		889F2A2223158C5D00ACD656 /* ProfileMenuview.xib */ = {isa = PBXFileReference; lastKnownFileType = file.xib; path = ProfileMenuview.xib; sourceTree = "<group>"; };
		889F2A2423158D5400ACD656 /* ProfileMenuView.swift */ = {isa = PBXFileReference; lastKnownFileType = sourcecode.swift; path = ProfileMenuView.swift; sourceTree = "<group>"; };
		889F2A262316D8D400ACD656 /* Languages.swift */ = {isa = PBXFileReference; lastKnownFileType = sourcecode.swift; path = Languages.swift; sourceTree = "<group>"; };
		88A6BA44232020E7002640D6 /* VerifyAccountDelegate.swift */ = {isa = PBXFileReference; lastKnownFileType = sourcecode.swift; path = VerifyAccountDelegate.swift; sourceTree = "<group>"; };
		88A6BA4623203570002640D6 /* LegalView.xib */ = {isa = PBXFileReference; lastKnownFileType = file.xib; path = LegalView.xib; sourceTree = "<group>"; };
		88A6BA4823203580002640D6 /* LegalView.swift */ = {isa = PBXFileReference; lastKnownFileType = sourcecode.swift; path = LegalView.swift; sourceTree = "<group>"; };
		88A6BA4A232039D7002640D6 /* LegalDelegate.swift */ = {isa = PBXFileReference; lastKnownFileType = sourcecode.swift; path = LegalDelegate.swift; sourceTree = "<group>"; };
		88A6BA502321485A002640D6 /* ImportAccountVC.swift */ = {isa = PBXFileReference; lastKnownFileType = sourcecode.swift; path = ImportAccountVC.swift; sourceTree = "<group>"; };
		88BEDFAD23101AC80003C371 /* Verify&StartView.xib */ = {isa = PBXFileReference; lastKnownFileType = file.xib; path = "Verify&StartView.xib"; sourceTree = "<group>"; };
		88BEDFAF23101AD80003C371 /* Verify&StartView.swift */ = {isa = PBXFileReference; lastKnownFileType = sourcecode.swift; path = "Verify&StartView.swift"; sourceTree = "<group>"; };
		88CA93602319741A008F894B /* MenuViewDelegate.swift */ = {isa = PBXFileReference; lastKnownFileType = sourcecode.swift; path = MenuViewDelegate.swift; sourceTree = "<group>"; };
		88CA93632319792A008F894B /* WalletView.xib */ = {isa = PBXFileReference; lastKnownFileType = file.xib; path = WalletView.xib; sourceTree = "<group>"; };
		88CA93652319793B008F894B /* WalletView.swift */ = {isa = PBXFileReference; lastKnownFileType = sourcecode.swift; path = WalletView.swift; sourceTree = "<group>"; xcLanguageSpecificationIdentifier = xcode.lang.swift; };
		88CA9367231979C3008F894B /* WalletOperationButtonSView.xib */ = {isa = PBXFileReference; lastKnownFileType = file.xib; path = WalletOperationButtonSView.xib; sourceTree = "<group>"; };
		88CA9369231979CD008F894B /* WalletOperationButtonSView.swift */ = {isa = PBXFileReference; lastKnownFileType = sourcecode.swift; path = WalletOperationButtonSView.swift; sourceTree = "<group>"; };
		88CA936B2319A6C6008F894B /* transactionHistoryCell.swift */ = {isa = PBXFileReference; lastKnownFileType = sourcecode.swift; path = transactionHistoryCell.swift; sourceTree = "<group>"; };
		88CA936C2319A6C6008F894B /* transactionHistoryCell.xib */ = {isa = PBXFileReference; lastKnownFileType = file.xib; path = transactionHistoryCell.xib; sourceTree = "<group>"; };
		88CA936F231A4750008F894B /* TransactionDetailView.xib */ = {isa = PBXFileReference; lastKnownFileType = file.xib; path = TransactionDetailView.xib; sourceTree = "<group>"; };
		88CA9371231A475F008F894B /* TransactionDetailView.swift */ = {isa = PBXFileReference; lastKnownFileType = sourcecode.swift; path = TransactionDetailView.swift; sourceTree = "<group>"; };
		88CA9375231A488A008F894B /* TransactionHistoryDetailCellHeader.swift */ = {isa = PBXFileReference; lastKnownFileType = sourcecode.swift; path = TransactionHistoryDetailCellHeader.swift; sourceTree = "<group>"; };
		88CA9376231A488A008F894B /* TransactionHistoryDetailCellHeader.xib */ = {isa = PBXFileReference; lastKnownFileType = file.xib; path = TransactionHistoryDetailCellHeader.xib; sourceTree = "<group>"; };
		88CA9379231A48A0008F894B /* TransactionHistoryDetailCellDeatils.swift */ = {isa = PBXFileReference; lastKnownFileType = sourcecode.swift; path = TransactionHistoryDetailCellDeatils.swift; sourceTree = "<group>"; };
		88CA937A231A48A0008F894B /* TransactionHistoryDetailCellDeatils.xib */ = {isa = PBXFileReference; lastKnownFileType = file.xib; path = TransactionHistoryDetailCellDeatils.xib; sourceTree = "<group>"; };
		88CA937E231A4AE6008F894B /* UIViewExtensions.swift */ = {isa = PBXFileReference; lastKnownFileType = sourcecode.swift; path = UIViewExtensions.swift; sourceTree = "<group>"; };
		88CA9380231A4B04008F894B /* UIScrollViewExtensions.swift */ = {isa = PBXFileReference; lastKnownFileType = sourcecode.swift; path = UIScrollViewExtensions.swift; sourceTree = "<group>"; };
		88CA9382231A5F46008F894B /* TransactionDetailCloseDelegate.swift */ = {isa = PBXFileReference; lastKnownFileType = sourcecode.swift; path = TransactionDetailCloseDelegate.swift; sourceTree = "<group>"; };
		88CA9388231B9866008F894B /* OperationButtonsDelegate.swift */ = {isa = PBXFileReference; lastKnownFileType = sourcecode.swift; path = OperationButtonsDelegate.swift; sourceTree = "<group>"; };
		88CA938E231BD0AE008F894B /* ProfileSettingsView.swift */ = {isa = PBXFileReference; lastKnownFileType = sourcecode.swift; path = ProfileSettingsView.swift; sourceTree = "<group>"; };
		88CA9390231CF4AE008F894B /* ProfileMenuDelegate.swift */ = {isa = PBXFileReference; lastKnownFileType = sourcecode.swift; path = ProfileMenuDelegate.swift; sourceTree = "<group>"; };
		88E03345233CB68400620541 /* Colors.xcassets */ = {isa = PBXFileReference; lastKnownFileType = folder.assetcatalog; path = Colors.xcassets; sourceTree = "<group>"; };
		88F3F956230FD92600D81F2B /* LetsStartWordView.xib */ = {isa = PBXFileReference; lastKnownFileType = file.xib; path = LetsStartWordView.xib; sourceTree = "<group>"; };
		88F4A1BA2312AD63007172A6 /* MainScreen.swift */ = {isa = PBXFileReference; lastKnownFileType = sourcecode.swift; path = MainScreen.swift; sourceTree = "<group>"; };
		88F4A1BE2312AF7B007172A6 /* MenuView.swift */ = {isa = PBXFileReference; lastKnownFileType = sourcecode.swift; path = MenuView.swift; sourceTree = "<group>"; };
		88F4A1C32312CA56007172A6 /* MockImages.xcassets */ = {isa = PBXFileReference; lastKnownFileType = folder.assetcatalog; path = MockImages.xcassets; sourceTree = "<group>"; };
		9317703125946CB400A6EC5F /* TransferModel.swift */ = {isa = PBXFileReference; lastKnownFileType = sourcecode.swift; path = TransferModel.swift; sourceTree = "<group>"; };
		932A59BF2584FA1900B64EA9 /* warningView.xib */ = {isa = PBXFileReference; lastKnownFileType = file.xib; path = warningView.xib; sourceTree = "<group>"; };
		932A59C22584FA6200B64EA9 /* warningView.swift */ = {isa = PBXFileReference; lastKnownFileType = sourcecode.swift; path = warningView.swift; sourceTree = "<group>"; };
		93390885255A76CD0005B64A /* cloudflaressl.cer */ = {isa = PBXFileReference; lastKnownFileType = file; path = cloudflaressl.cer; sourceTree = "<group>"; };
		93390893255AB1230005B64A /* bitexen.com.cer */ = {isa = PBXFileReference; lastKnownFileType = file; path = bitexen.com.cer; sourceTree = "<group>"; };
		93390894255AB1760005B64A /* wavesnodes.com.cer */ = {isa = PBXFileReference; lastKnownFileType = file; path = wavesnodes.com.cer; sourceTree = "<group>"; };
		9342427E2586AF7E009D6024 /* OrderDetailView.xib */ = {isa = PBXFileReference; lastKnownFileType = file.xib; path = OrderDetailView.xib; sourceTree = "<group>"; };
		934242812586B1F0009D6024 /* OrderDetailView.swift */ = {isa = PBXFileReference; lastKnownFileType = sourcecode.swift; path = OrderDetailView.swift; sourceTree = "<group>"; };
		934F3C4725889950007CFC19 /* string.tr.swift */ = {isa = PBXFileReference; lastKnownFileType = sourcecode.swift; path = string.tr.swift; sourceTree = "<group>"; };
		934F3C4B2588F627007CFC19 /* mainnet.swift */ = {isa = PBXFileReference; lastKnownFileType = sourcecode.swift; path = mainnet.swift; sourceTree = "<group>"; };
		934F3C4F258A4A9E007CFC19 /* SendMoneyCard.xib */ = {isa = PBXFileReference; lastKnownFileType = file.xib; path = SendMoneyCard.xib; sourceTree = "<group>"; };
		934F3C52258A4C37007CFC19 /* SendMoneyCard.swift */ = {isa = PBXFileReference; lastKnownFileType = sourcecode.swift; path = SendMoneyCard.swift; sourceTree = "<group>"; };
		934F3C5C258B2BEE007CFC19 /* tr */ = {isa = PBXFileReference; lastKnownFileType = text.plist.strings; name = tr; path = tr.lproj/Main.strings; sourceTree = "<group>"; };
		934F3C5D258B2BF6007CFC19 /* en-GB */ = {isa = PBXFileReference; lastKnownFileType = text.plist.strings; name = "en-GB"; path = "en-GB.lproj/Main.strings"; sourceTree = "<group>"; };
		93534035253C4F2C00FFEA4D /* newSendView.xib */ = {isa = PBXFileReference; lastKnownFileType = file.xib; path = newSendView.xib; sourceTree = "<group>"; };
		93534038253C528600FFEA4D /* newSendView.swift */ = {isa = PBXFileReference; lastKnownFileType = sourcecode.swift; path = newSendView.swift; sourceTree = "<group>"; };
		93534F1725496A950000329F /* bitexenApiView.xib */ = {isa = PBXFileReference; lastKnownFileType = file.xib; path = bitexenApiView.xib; sourceTree = "<group>"; };
		93534F1A2549851A0000329F /* BitexenAPIView.swift */ = {isa = PBXFileReference; lastKnownFileType = sourcecode.swift; path = BitexenAPIView.swift; sourceTree = "<group>"; };
		93534F1D2549958C0000329F /* bitexenSignature.swift */ = {isa = PBXFileReference; lastKnownFileType = sourcecode.swift; path = bitexenSignature.swift; sourceTree = "<group>"; };
		9360FE61258F6B510064C579 /* LogoAnimation.xib */ = {isa = PBXFileReference; lastKnownFileType = file.xib; path = LogoAnimation.xib; sourceTree = "<group>"; };
		9360FE64258F6C990064C579 /* LogoAnimation.swift */ = {isa = PBXFileReference; lastKnownFileType = sourcecode.swift; path = LogoAnimation.swift; sourceTree = "<group>"; };
		936F25B025323B0300C5FA85 /* ColoredCardView.xib */ = {isa = PBXFileReference; fileEncoding = 4; lastKnownFileType = file.xib; path = ColoredCardView.xib; sourceTree = "<group>"; };
		936F25B325323B2E00C5FA85 /* ColoredCardView.swift */ = {isa = PBXFileReference; fileEncoding = 4; lastKnownFileType = sourcecode.swift; path = ColoredCardView.swift; sourceTree = "<group>"; };
		936F25B625323B3900C5FA85 /* UIViewExtension.swift */ = {isa = PBXFileReference; fileEncoding = 4; lastKnownFileType = sourcecode.swift; path = UIViewExtension.swift; sourceTree = "<group>"; };
		93757C20256D43060066A7B9 /* PayTableViewCell.xib */ = {isa = PBXFileReference; lastKnownFileType = file.xib; path = PayTableViewCell.xib; sourceTree = "<group>"; };
		93757C23256D43A90066A7B9 /* PayTableViewCell.swift */ = {isa = PBXFileReference; lastKnownFileType = sourcecode.swift; path = PayTableViewCell.swift; sourceTree = "<group>"; };
		93757C27256E3EAC0066A7B9 /* PageCardView.xib */ = {isa = PBXFileReference; lastKnownFileType = file.xib; path = PageCardView.xib; sourceTree = "<group>"; };
		93757C2A256E3FDC0066A7B9 /* PageCardView.swift */ = {isa = PBXFileReference; lastKnownFileType = sourcecode.swift; path = PageCardView.swift; sourceTree = "<group>"; };
		93757C2D256E55AF0066A7B9 /* BalanceCard.xib */ = {isa = PBXFileReference; lastKnownFileType = file.xib; path = BalanceCard.xib; sourceTree = "<group>"; };
		93757C30256E560B0066A7B9 /* BalanceCard.swift */ = {isa = PBXFileReference; lastKnownFileType = sourcecode.swift; path = BalanceCard.swift; sourceTree = "<group>"; };
		938BC118258FB4FB007DAC3B /* MainScreenExt.swift */ = {isa = PBXFileReference; lastKnownFileType = sourcecode.swift; path = MainScreenExt.swift; sourceTree = "<group>"; };
		939FD248258BA69D00964E97 /* TransferConfirmationView.xib */ = {isa = PBXFileReference; lastKnownFileType = file.xib; path = TransferConfirmationView.xib; sourceTree = "<group>"; };
		93A3CC32258C7F5900E89E6E /* TransferConfirmationView.swift */ = {isa = PBXFileReference; lastKnownFileType = sourcecode.swift; path = TransferConfirmationView.swift; sourceTree = "<group>"; };
		93B7A11A252F0D8000C89E66 /* PaymentCategories.xib */ = {isa = PBXFileReference; lastKnownFileType = file.xib; path = PaymentCategories.xib; sourceTree = "<group>"; };
		93B7A11D252F0F0A00C89E66 /* PaymentCategories.swift */ = {isa = PBXFileReference; lastKnownFileType = sourcecode.swift; path = PaymentCategories.swift; sourceTree = "<group>"; };
		93CAC396259225B9006B8FB7 /* PaymentModel.swift */ = {isa = PBXFileReference; lastKnownFileType = sourcecode.swift; path = PaymentModel.swift; sourceTree = "<group>"; };
		93E9D551257A930D00FE19D8 /* ErrorHandling.swift */ = {isa = PBXFileReference; lastKnownFileType = sourcecode.swift; path = ErrorHandling.swift; sourceTree = "<group>"; };
		93F79FD2257E0D48006DC148 /* ParaYatirView.xib */ = {isa = PBXFileReference; lastKnownFileType = file.xib; path = ParaYatirView.xib; sourceTree = "<group>"; };
		93F79FD6257E1139006DC148 /* ParaYatirView.swift */ = {isa = PBXFileReference; lastKnownFileType = sourcecode.swift; path = ParaYatirView.swift; sourceTree = "<group>"; };
		93F79FD9257E5B4C006DC148 /* CreditCardView.xib */ = {isa = PBXFileReference; lastKnownFileType = file.xib; path = CreditCardView.xib; sourceTree = "<group>"; };
		93F79FDC257E5CC7006DC148 /* CreditCardView.swift */ = {isa = PBXFileReference; lastKnownFileType = sourcecode.swift; path = CreditCardView.swift; sourceTree = "<group>"; };
		93F79FE22580F6EA006DC148 /* HeaderExitView.xib */ = {isa = PBXFileReference; lastKnownFileType = file.xib; path = HeaderExitView.xib; sourceTree = "<group>"; };
		93F79FE52580F89D006DC148 /* HeaderExitView.swift */ = {isa = PBXFileReference; lastKnownFileType = sourcecode.swift; path = HeaderExitView.swift; sourceTree = "<group>"; };
		93FC66BF2562AB4E00E42AAC /* binance.swift */ = {isa = PBXFileReference; lastKnownFileType = sourcecode.swift; path = binance.swift; sourceTree = "<group>"; };
		93FC66C22562AB9400E42AAC /* binance.com.cer */ = {isa = PBXFileReference; lastKnownFileType = file; path = binance.com.cer; sourceTree = "<group>"; };
/* End PBXFileReference section */

/* Begin PBXFrameworksBuildPhase section */
		882AAAFC22FC96DD004CDAA6 /* Frameworks */ = {
			isa = PBXFrameworksBuildPhase;
			buildActionMask = 2147483647;
			files = (
				00608083237B404F006FFBD2 /* LocalAuthentication.framework in Frameworks */,
				28AA4F6D6F9B6977B988457B /* Pods_DigiliraPay.framework in Frameworks */,
			);
			runOnlyForDeploymentPostprocessing = 0;
		};
/* End PBXFrameworksBuildPhase section */

/* Begin PBXGroup section */
		006B1EE4234CC2530045B6B4 /* custom */ = {
			isa = PBXGroup;
			children = (
				006B1EE5234CC25B0045B6B4 /* custom.swift */,
			);
			name = custom;
			sourceTree = "<group>";
		};
		0080FAC2234CA09B00B6D636 /* blockchain */ = {
			isa = PBXGroup;
			children = (
				0080FAC3234CA0B900B6D636 /* blockchain.swift */,
				006B1EE7234CC2720045B6B4 /* dPayApi.swift */,
				0060807D23795453006FFBD2 /* constants.swift */,
				93534F1D2549958C0000329F /* bitexenSignature.swift */,
				93FC66BF2562AB4E00E42AAC /* binance.swift */,
				93E9D551257A930D00FE19D8 /* ErrorHandling.swift */,
				934F3C4725889950007CFC19 /* string.tr.swift */,
				934F3C4B2588F627007CFC19 /* mainnet.swift */,
			);
			name = blockchain;
			sourceTree = "<group>";
		};
		880541F72319693B004EE85F /* Extensions */ = {
			isa = PBXGroup;
			children = (
				880541F52319692C004EE85F /* TableViewCellExtension.swift */,
				88CA937E231A4AE6008F894B /* UIViewExtensions.swift */,
				88CA9380231A4B04008F894B /* UIScrollViewExtensions.swift */,
				938BC118258FB4FB007DAC3B /* MainScreenExt.swift */,
			);
			name = Extensions;
			sourceTree = "<group>";
		};
		882AAAF622FC96DD004CDAA6 = {
			isa = PBXGroup;
			children = (
				882AAB0122FC96DD004CDAA6 /* DigiliraPay */,
				882AAB0022FC96DD004CDAA6 /* Products */,
				9D9CFF69165CF1FB51D08BF6 /* Pods */,
				8F72ADF997802C10AF217F7C /* Frameworks */,
			);
			sourceTree = "<group>";
		};
		882AAB0022FC96DD004CDAA6 /* Products */ = {
			isa = PBXGroup;
			children = (
				882AAAFF22FC96DD004CDAA6 /* DigiliraPay.app */,
			);
			name = Products;
			sourceTree = "<group>";
		};
		882AAB0122FC96DD004CDAA6 /* DigiliraPay */ = {
			isa = PBXGroup;
			children = (
				9317703025946C9D00A6EC5F /* Models */,
				9339086A255A6E000005B64A /* SSLPinning */,
				00608081237B1573006FFBD2 /* DigiliraPayRelease.entitlements */,
				006B1EE4234CC2530045B6B4 /* custom */,
				0080FAC2234CA09B00B6D636 /* blockchain */,
				8816BE7D233F48A900318309 /* DigiliraPay.entitlements */,
				882AAB0222FC96DD004CDAA6 /* AppDelegate.swift */,
				882AAB0422FC96DD004CDAA6 /* SceneDelegate.swift */,
				882B9B6A22FEFAF300D6E7B6 /* Views */,
				882B9B6C22FEFB0D00D6E7B6 /* Controllers */,
				889F2A282316D8DD00ACD656 /* Utility */,
				880541F72319693B004EE85F /* Extensions */,
				88CA93622319741E008F894B /* Delegates */,
				88F4A1C22312CA40007172A6 /* Media */,
				882AAB1022FC96DE004CDAA6 /* Info.plist */,
			);
			path = DigiliraPay;
			sourceTree = "<group>";
		};
		882B9B6A22FEFAF300D6E7B6 /* Views */ = {
			isa = PBXGroup;
			children = (
				93D3FF74257613860088CC9E /* unused */,
				882B9B6622FEFAA500D6E7B6 /* OnBoardingView.xib */,
				0023C0FA2517C92B0042B50C /* Main.storyboard */,
				882AAB0D22FC96DE004CDAA6 /* LaunchScreen.storyboard */,
				88F3F956230FD92600D81F2B /* LetsStartWordView.xib */,
				88BEDFAD23101AC80003C371 /* Verify&StartView.xib */,
				889F2A2023158BAB00ACD656 /* MenuView.xib */,
				880541F92319702B004EE85F /* CoinTableViewCell.xib */,
				93757C20256D43060066A7B9 /* PayTableViewCell.xib */,
				88CA93632319792A008F894B /* WalletView.xib */,
				88CA9367231979C3008F894B /* WalletOperationButtonSView.xib */,
				88CA936C2319A6C6008F894B /* transactionHistoryCell.xib */,
				88CA936F231A4750008F894B /* TransactionDetailView.xib */,
				88CA9376231A488A008F894B /* TransactionHistoryDetailCellHeader.xib */,
				88CA937A231A48A0008F894B /* TransactionHistoryDetailCellDeatils.xib */,
				88A6BA4623203570002640D6 /* LegalView.xib */,
				88114F612321602800AB3B5A /* ProfileUpgradeView.xib */,
				889F2A2223158C5D00ACD656 /* ProfileMenuview.xib */,
				88309EBF231FD36000F96C05 /* VerifyAccountView.xib */,
				88114F6523216A8E00AB3B5A /* sendWithQR.xib */,
				888F26AE233E89B800AB7E4C /* PinView.xib */,
				93B7A11A252F0D8000C89E66 /* PaymentCategories.xib */,
				936F25B025323B0300C5FA85 /* ColoredCardView.xib */,
				93534035253C4F2C00FFEA4D /* newSendView.xib */,
				93534F1725496A950000329F /* bitexenApiView.xib */,
				93757C27256E3EAC0066A7B9 /* PageCardView.xib */,
				93757C2D256E55AF0066A7B9 /* BalanceCard.xib */,
				93F79FD9257E5B4C006DC148 /* CreditCardView.xib */,
				93F79FD2257E0D48006DC148 /* ParaYatirView.xib */,
				93F79FE22580F6EA006DC148 /* HeaderExitView.xib */,
				932A59BF2584FA1900B64EA9 /* warningView.xib */,
				9342427E2586AF7E009D6024 /* OrderDetailView.xib */,
				934F3C4F258A4A9E007CFC19 /* SendMoneyCard.xib */,
				939FD248258BA69D00964E97 /* TransferConfirmationView.xib */,
				9360FE61258F6B510064C579 /* LogoAnimation.xib */,
			);
			name = Views;
			sourceTree = "<group>";
		};
		882B9B6C22FEFB0D00D6E7B6 /* Controllers */ = {
			isa = PBXGroup;
			children = (
				882AAB0622FC96DD004CDAA6 /* OnBoardingVC.swift */,
				880664EE22FEFF5B00C4DF69 /* OnBoardingView.swift */,
				8891704423058673005AAA02 /* LetsStartVC.swift */,
				88A6BA502321485A002640D6 /* ImportAccountVC.swift */,
				885C1661233371C00018D5EF /* LetsStartWordsView.swift */,
				88BEDFAF23101AD80003C371 /* Verify&StartView.swift */,
				88F4A1BA2312AD63007172A6 /* MainScreen.swift */,
				88F4A1BE2312AF7B007172A6 /* MenuView.swift */,
				889F2A2423158D5400ACD656 /* ProfileMenuView.swift */,
				880541F82319702B004EE85F /* CoinTableViewCell.swift */,
				93757C23256D43A90066A7B9 /* PayTableViewCell.swift */,
				88CA93652319793B008F894B /* WalletView.swift */,
				88CA9369231979CD008F894B /* WalletOperationButtonSView.swift */,
				88CA936B2319A6C6008F894B /* transactionHistoryCell.swift */,
				88CA9371231A475F008F894B /* TransactionDetailView.swift */,
				88CA9375231A488A008F894B /* TransactionHistoryDetailCellHeader.swift */,
				88CA9379231A48A0008F894B /* TransactionHistoryDetailCellDeatils.swift */,
				88CA938E231BD0AE008F894B /* ProfileSettingsView.swift */,
				88309EC1231FD38200F96C05 /* VerifyAccountView.swift */,
				88A6BA4823203580002640D6 /* LegalView.swift */,
				88114F632321604100AB3B5A /* ProfilUpgradeView.swift */,
				88114F6723216A9500AB3B5A /* sendWithQR.swift */,
				888F26B0233E8DF500AB7E4C /* PinView.swift */,
				93B7A11D252F0F0A00C89E66 /* PaymentCategories.swift */,
				936F25B325323B2E00C5FA85 /* ColoredCardView.swift */,
				93534038253C528600FFEA4D /* newSendView.swift */,
				93534F1A2549851A0000329F /* BitexenAPIView.swift */,
				93757C2A256E3FDC0066A7B9 /* PageCardView.swift */,
				93757C30256E560B0066A7B9 /* BalanceCard.swift */,
				93F79FDC257E5CC7006DC148 /* CreditCardView.swift */,
				93F79FD6257E1139006DC148 /* ParaYatirView.swift */,
				93F79FE52580F89D006DC148 /* HeaderExitView.swift */,
				932A59C22584FA6200B64EA9 /* warningView.swift */,
				934242812586B1F0009D6024 /* OrderDetailView.swift */,
				934F3C52258A4C37007CFC19 /* SendMoneyCard.swift */,
				93A3CC32258C7F5900E89E6E /* TransferConfirmationView.swift */,
				9360FE64258F6C990064C579 /* LogoAnimation.swift */,
			);
			name = Controllers;
			sourceTree = "<group>";
		};
		889F2A282316D8DD00ACD656 /* Utility */ = {
			isa = PBXGroup;
			children = (
				889F2A262316D8D400ACD656 /* Languages.swift */,
			);
			name = Utility;
			sourceTree = "<group>";
		};
		88CA93622319741E008F894B /* Delegates */ = {
			isa = PBXGroup;
			children = (
				936F25B625323B3900C5FA85 /* UIViewExtension.swift */,
				88CA93602319741A008F894B /* MenuViewDelegate.swift */,
				88CA9382231A5F46008F894B /* TransactionDetailCloseDelegate.swift */,
				88CA9388231B9866008F894B /* OperationButtonsDelegate.swift */,
				88CA9390231CF4AE008F894B /* ProfileMenuDelegate.swift */,
				88309EBD231FD08500F96C05 /* LoadCoinDelegate.swift */,
				88A6BA44232020E7002640D6 /* VerifyAccountDelegate.swift */,
				88A6BA4A232039D7002640D6 /* LegalDelegate.swift */,
				88114F692321703800AB3B5A /* SendWithQrDelegate.swift */,
				882E99BC232301BB0061C7AC /* LetsStartSkipDelegate.swift */,
				888F26B2233E9DF700AB7E4C /* PinViewDelegate.swift */,
			);
			name = Delegates;
			sourceTree = "<group>";
		};
		88F4A1C22312CA40007172A6 /* Media */ = {
			isa = PBXGroup;
			children = (
				882AAB0B22FC96DE004CDAA6 /* Assets.xcassets */,
				88F4A1C32312CA56007172A6 /* MockImages.xcassets */,
				88E03345233CB68400620541 /* Colors.xcassets */,
			);
			path = Media;
			sourceTree = "<group>";
		};
		8F72ADF997802C10AF217F7C /* Frameworks */ = {
			isa = PBXGroup;
			children = (
				00608082237B404F006FFBD2 /* LocalAuthentication.framework */,
				003B3508234E2299004EE63F /* WavesSDK.framework */,
				003B3509234E2299004EE63F /* WavesSDKCrypto.framework */,
				003B350A234E2299004EE63F /* WavesSDKExtensions.framework */,
				6B7278F70D172AF69D354796 /* Pods_DigiliraPay.framework */,
			);
			name = Frameworks;
			sourceTree = "<group>";
		};
		9317703025946C9D00A6EC5F /* Models */ = {
			isa = PBXGroup;
			children = (
				93CAC396259225B9006B8FB7 /* PaymentModel.swift */,
				9317703125946CB400A6EC5F /* TransferModel.swift */,
			);
			path = Models;
			sourceTree = "<group>";
		};
		9339086A255A6E000005B64A /* SSLPinning */ = {
			isa = PBXGroup;
			children = (
				93390885255A76CD0005B64A /* cloudflaressl.cer */,
				93390893255AB1230005B64A /* bitexen.com.cer */,
				93FC66C22562AB9400E42AAC /* binance.com.cer */,
				93390894255AB1760005B64A /* wavesnodes.com.cer */,
			);
			name = SSLPinning;
			sourceTree = "<group>";
		};
		93D3FF74257613860088CC9E /* unused */ = {
			isa = PBXGroup;
			children = (
			);
			path = unused;
			sourceTree = "<group>";
		};
		9D9CFF69165CF1FB51D08BF6 /* Pods */ = {
			isa = PBXGroup;
			children = (
				232267938E12104C73060CF6 /* Pods-DigiliraPay.debug.xcconfig */,
				71F87FB64A359B715E1F208F /* Pods-DigiliraPay.release.xcconfig */,
			);
			name = Pods;
			path = ../Pods;
			sourceTree = "<group>";
		};
/* End PBXGroup section */

/* Begin PBXNativeTarget section */
		882AAAFE22FC96DD004CDAA6 /* DigiliraPay */ = {
			isa = PBXNativeTarget;
			buildConfigurationList = 882AAB1322FC96DE004CDAA6 /* Build configuration list for PBXNativeTarget "DigiliraPay" */;
			buildPhases = (
				EC10D0D893F4028FF348C73E /* [CP] Check Pods Manifest.lock */,
				882AAAFB22FC96DD004CDAA6 /* Sources */,
				882AAAFC22FC96DD004CDAA6 /* Frameworks */,
				882AAAFD22FC96DD004CDAA6 /* Resources */,
				01EB1E1FBB66A80400364167 /* [CP] Embed Pods Frameworks */,
			);
			buildRules = (
			);
			dependencies = (
			);
			name = DigiliraPay;
			productName = DigiliraPay;
			productReference = 882AAAFF22FC96DD004CDAA6 /* DigiliraPay.app */;
			productType = "com.apple.product-type.application";
		};
/* End PBXNativeTarget section */

/* Begin PBXProject section */
		882AAAF722FC96DD004CDAA6 /* Project object */ = {
			isa = PBXProject;
			attributes = {
				LastSwiftUpdateCheck = 1100;
				LastUpgradeCheck = 1210;
				ORGANIZATIONNAME = DigiliraPay;
				TargetAttributes = {
					882AAAFE22FC96DD004CDAA6 = {
						CreatedOnToolsVersion = 11.0;
					};
				};
			};
			buildConfigurationList = 882AAAFA22FC96DD004CDAA6 /* Build configuration list for PBXProject "DigiliraPay" */;
			compatibilityVersion = "Xcode 9.3";
			developmentRegion = en;
			hasScannedForEncodings = 0;
			knownRegions = (
				en,
				Base,
				tr,
				"en-GB",
			);
			mainGroup = 882AAAF622FC96DD004CDAA6;
			productRefGroup = 882AAB0022FC96DD004CDAA6 /* Products */;
			projectDirPath = "";
			projectRoot = "";
			targets = (
				882AAAFE22FC96DD004CDAA6 /* DigiliraPay */,
			);
		};
/* End PBXProject section */

/* Begin PBXResourcesBuildPhase section */
		882AAAFD22FC96DD004CDAA6 /* Resources */ = {
			isa = PBXResourcesBuildPhase;
			buildActionMask = 2147483647;
			files = (
				9342427F2586AF7E009D6024 /* OrderDetailView.xib in Resources */,
				93FC66C32562ABAB00E42AAC /* binance.com.cer in Resources */,
				932A59C02584FA1900B64EA9 /* warningView.xib in Resources */,
				93390895255AB18F0005B64A /* bitexen.com.cer in Resources */,
				93390896255AB18F0005B64A /* wavesnodes.com.cer in Resources */,
				93390886255A76D40005B64A /* cloudflaressl.cer in Resources */,
				88BEDFAE23101AC80003C371 /* Verify&StartView.xib in Resources */,
				880541FB2319702B004EE85F /* CoinTableViewCell.xib in Resources */,
				93757C2E256E55AF0066A7B9 /* BalanceCard.xib in Resources */,
				88CA93642319792A008F894B /* WalletView.xib in Resources */,
				93B7A11B252F0D8000C89E66 /* PaymentCategories.xib in Resources */,
				93F79FD3257E0D48006DC148 /* ParaYatirView.xib in Resources */,
				88CA9370231A4750008F894B /* TransactionDetailView.xib in Resources */,
				882AAB0F22FC96DE004CDAA6 /* LaunchScreen.storyboard in Resources */,
				88CA936E2319A6C6008F894B /* transactionHistoryCell.xib in Resources */,
				88F4A1C42312CA56007172A6 /* MockImages.xcassets in Resources */,
				93534036253C4F2C00FFEA4D /* newSendView.xib in Resources */,
				88309EC0231FD36000F96C05 /* VerifyAccountView.xib in Resources */,
				88114F6623216A8E00AB3B5A /* sendWithQR.xib in Resources */,
				93757C21256D43060066A7B9 /* PayTableViewCell.xib in Resources */,
				88CA9378231A488A008F894B /* TransactionHistoryDetailCellHeader.xib in Resources */,
				934F3C50258A4A9F007CFC19 /* SendMoneyCard.xib in Resources */,
				93F79FDA257E5B4C006DC148 /* CreditCardView.xib in Resources */,
				88CA9368231979C3008F894B /* WalletOperationButtonSView.xib in Resources */,
				93757C28256E3EAD0066A7B9 /* PageCardView.xib in Resources */,
				88CA937C231A48A0008F894B /* TransactionHistoryDetailCellDeatils.xib in Resources */,
				9360FE62258F6B510064C579 /* LogoAnimation.xib in Resources */,
				88F3F957230FD92600D81F2B /* LetsStartWordView.xib in Resources */,
				936F25B125323B0300C5FA85 /* ColoredCardView.xib in Resources */,
				889F2A2123158BAB00ACD656 /* MenuView.xib in Resources */,
				93F79FE32580F6EB006DC148 /* HeaderExitView.xib in Resources */,
				889F2A2323158C5D00ACD656 /* ProfileMenuview.xib in Resources */,
				93534F1825496A950000329F /* bitexenApiView.xib in Resources */,
				0023C0FC2517C92B0042B50C /* Main.storyboard in Resources */,
				888F26AF233E89B800AB7E4C /* PinView.xib in Resources */,
				88E03346233CB68400620541 /* Colors.xcassets in Resources */,
				882AAB0C22FC96DE004CDAA6 /* Assets.xcassets in Resources */,
				882B9B6722FEFAA500D6E7B6 /* OnBoardingView.xib in Resources */,
				88A6BA4723203570002640D6 /* LegalView.xib in Resources */,
				88114F622321602800AB3B5A /* ProfileUpgradeView.xib in Resources */,
				939FD249258BA69D00964E97 /* TransferConfirmationView.xib in Resources */,
			);
			runOnlyForDeploymentPostprocessing = 0;
		};
/* End PBXResourcesBuildPhase section */

/* Begin PBXShellScriptBuildPhase section */
		01EB1E1FBB66A80400364167 /* [CP] Embed Pods Frameworks */ = {
			isa = PBXShellScriptBuildPhase;
			buildActionMask = 2147483647;
			files = (
			);
			inputFileListPaths = (
				"${PODS_ROOT}/Target Support Files/Pods-DigiliraPay/Pods-DigiliraPay-frameworks-${CONFIGURATION}-input-files.xcfilelist",
			);
			name = "[CP] Embed Pods Frameworks";
			outputFileListPaths = (
				"${PODS_ROOT}/Target Support Files/Pods-DigiliraPay/Pods-DigiliraPay-frameworks-${CONFIGURATION}-output-files.xcfilelist",
			);
			runOnlyForDeploymentPostprocessing = 0;
			shellPath = /bin/sh;
			shellScript = "\"${PODS_ROOT}/Target Support Files/Pods-DigiliraPay/Pods-DigiliraPay-frameworks.sh\"\n";
			showEnvVarsInLog = 0;
		};
		EC10D0D893F4028FF348C73E /* [CP] Check Pods Manifest.lock */ = {
			isa = PBXShellScriptBuildPhase;
			buildActionMask = 2147483647;
			files = (
			);
			inputFileListPaths = (
			);
			inputPaths = (
				"${PODS_PODFILE_DIR_PATH}/Podfile.lock",
				"${PODS_ROOT}/Manifest.lock",
			);
			name = "[CP] Check Pods Manifest.lock";
			outputFileListPaths = (
			);
			outputPaths = (
				"$(DERIVED_FILE_DIR)/Pods-DigiliraPay-checkManifestLockResult.txt",
			);
			runOnlyForDeploymentPostprocessing = 0;
			shellPath = /bin/sh;
			shellScript = "diff \"${PODS_PODFILE_DIR_PATH}/Podfile.lock\" \"${PODS_ROOT}/Manifest.lock\" > /dev/null\nif [ $? != 0 ] ; then\n    # print error to STDERR\n    echo \"error: The sandbox is not in sync with the Podfile.lock. Run 'pod install' or update your CocoaPods installation.\" >&2\n    exit 1\nfi\n# This output is used by Xcode 'outputs' to avoid re-running this script phase.\necho \"SUCCESS\" > \"${SCRIPT_OUTPUT_FILE_0}\"\n";
			showEnvVarsInLog = 0;
		};
/* End PBXShellScriptBuildPhase section */

/* Begin PBXSourcesBuildPhase section */
		882AAAFB22FC96DD004CDAA6 /* Sources */ = {
			isa = PBXSourcesBuildPhase;
			buildActionMask = 2147483647;
			files = (
				006B1EE8234CC2720045B6B4 /* dPayApi.swift in Sources */,
				006B1EE6234CC25B0045B6B4 /* custom.swift in Sources */,
				88CA937F231A4AE6008F894B /* UIViewExtensions.swift in Sources */,
				88A6BA512321485A002640D6 /* ImportAccountVC.swift in Sources */,
				88F4A1BB2312AD63007172A6 /* MainScreen.swift in Sources */,
				88BEDFB023101AD80003C371 /* Verify&StartView.swift in Sources */,
				88A6BA45232020E7002640D6 /* VerifyAccountDelegate.swift in Sources */,
				934242822586B1F0009D6024 /* OrderDetailView.swift in Sources */,
				88114F6823216A9500AB3B5A /* sendWithQR.swift in Sources */,
				885C1662233371C00018D5EF /* LetsStartWordsView.swift in Sources */,
				88CA936A231979CD008F894B /* WalletOperationButtonSView.swift in Sources */,
				936F25B425323B2E00C5FA85 /* ColoredCardView.swift in Sources */,
				93F79FD7257E1139006DC148 /* ParaYatirView.swift in Sources */,
				93F79FE62580F89D006DC148 /* HeaderExitView.swift in Sources */,
				9317703225946CB400A6EC5F /* TransferModel.swift in Sources */,
				882AAB0722FC96DD004CDAA6 /* OnBoardingVC.swift in Sources */,
				934F3C4825889950007CFC19 /* string.tr.swift in Sources */,
				93E9D552257A930D00FE19D8 /* ErrorHandling.swift in Sources */,
				88CA938F231BD0AE008F894B /* ProfileSettingsView.swift in Sources */,
				934F3C4C2588F627007CFC19 /* mainnet.swift in Sources */,
				93B7A11E252F0F0A00C89E66 /* PaymentCategories.swift in Sources */,
				88F4A1BF2312AF7B007172A6 /* MenuView.swift in Sources */,
				88309EBE231FD08500F96C05 /* LoadCoinDelegate.swift in Sources */,
				88114F642321604100AB3B5A /* ProfilUpgradeView.swift in Sources */,
				934F3C53258A4C37007CFC19 /* SendMoneyCard.swift in Sources */,
				889F2A272316D8D400ACD656 /* Languages.swift in Sources */,
				88CA9377231A488A008F894B /* TransactionHistoryDetailCellHeader.swift in Sources */,
				93757C2B256E3FDC0066A7B9 /* PageCardView.swift in Sources */,
				888F26B3233E9DF700AB7E4C /* PinViewDelegate.swift in Sources */,
				93A3CC33258C7F5900E89E6E /* TransferConfirmationView.swift in Sources */,
				93757C31256E560B0066A7B9 /* BalanceCard.swift in Sources */,
				93FC66C02562AB4E00E42AAC /* binance.swift in Sources */,
				88CA9389231B9866008F894B /* OperationButtonsDelegate.swift in Sources */,
				93F79FDD257E5CC7006DC148 /* CreditCardView.swift in Sources */,
				938BC119258FB4FB007DAC3B /* MainScreenExt.swift in Sources */,
				0060807E23795453006FFBD2 /* constants.swift in Sources */,
				93757C24256D43A90066A7B9 /* PayTableViewCell.swift in Sources */,
				88309EC2231FD38200F96C05 /* VerifyAccountView.swift in Sources */,
				88CA9391231CF4AE008F894B /* ProfileMenuDelegate.swift in Sources */,
				0080FAC4234CA0B900B6D636 /* blockchain.swift in Sources */,
				88A6BA4923203580002640D6 /* LegalView.swift in Sources */,
				882E99BD232301BB0061C7AC /* LetsStartSkipDelegate.swift in Sources */,
				88CA9381231A4B04008F894B /* UIScrollViewExtensions.swift in Sources */,
				93534F1B2549851A0000329F /* BitexenAPIView.swift in Sources */,
				889F2A2523158D5400ACD656 /* ProfileMenuView.swift in Sources */,
				88114F6A2321703800AB3B5A /* SendWithQrDelegate.swift in Sources */,
				88CA93612319741A008F894B /* MenuViewDelegate.swift in Sources */,
				880664EF22FEFF5B00C4DF69 /* OnBoardingView.swift in Sources */,
				88CA9383231A5F46008F894B /* TransactionDetailCloseDelegate.swift in Sources */,
				9360FE65258F6C990064C579 /* LogoAnimation.swift in Sources */,
				880541FA2319702B004EE85F /* CoinTableViewCell.swift in Sources */,
				882AAB0322FC96DD004CDAA6 /* AppDelegate.swift in Sources */,
				888F26B1233E8DF500AB7E4C /* PinView.swift in Sources */,
				8891704523058673005AAA02 /* LetsStartVC.swift in Sources */,
				932A59C32584FA6200B64EA9 /* warningView.swift in Sources */,
				93CAC397259225B9006B8FB7 /* PaymentModel.swift in Sources */,
				936F25B725323B3900C5FA85 /* UIViewExtension.swift in Sources */,
				93534F1E2549958C0000329F /* bitexenSignature.swift in Sources */,
				93534039253C528600FFEA4D /* newSendView.swift in Sources */,
				88A6BA4B232039D7002640D6 /* LegalDelegate.swift in Sources */,
				88CA9372231A475F008F894B /* TransactionDetailView.swift in Sources */,
				88CA937B231A48A0008F894B /* TransactionHistoryDetailCellDeatils.swift in Sources */,
				882AAB0522FC96DD004CDAA6 /* SceneDelegate.swift in Sources */,
				880541F62319692D004EE85F /* TableViewCellExtension.swift in Sources */,
				88CA936D2319A6C6008F894B /* transactionHistoryCell.swift in Sources */,
				88CA93662319793B008F894B /* WalletView.swift in Sources */,
			);
			runOnlyForDeploymentPostprocessing = 0;
		};
/* End PBXSourcesBuildPhase section */

/* Begin PBXVariantGroup section */
		0023C0FA2517C92B0042B50C /* Main.storyboard */ = {
			isa = PBXVariantGroup;
			children = (
				0023C0FB2517C92B0042B50C /* Base */,
				934F3C5C258B2BEE007CFC19 /* tr */,
				934F3C5D258B2BF6007CFC19 /* en-GB */,
			);
			name = Main.storyboard;
			sourceTree = "<group>";
		};
		882AAB0D22FC96DE004CDAA6 /* LaunchScreen.storyboard */ = {
			isa = PBXVariantGroup;
			children = (
				882AAB0E22FC96DE004CDAA6 /* Base */,
			);
			name = LaunchScreen.storyboard;
			sourceTree = "<group>";
		};
/* End PBXVariantGroup section */

/* Begin XCBuildConfiguration section */
		882AAB1122FC96DE004CDAA6 /* Debug */ = {
			isa = XCBuildConfiguration;
			buildSettings = {
				ALWAYS_SEARCH_USER_PATHS = NO;
				CLANG_ANALYZER_LOCALIZABILITY_NONLOCALIZED = YES;
				CLANG_ANALYZER_NONNULL = YES;
				CLANG_ANALYZER_NUMBER_OBJECT_CONVERSION = YES_AGGRESSIVE;
				CLANG_CXX_LANGUAGE_STANDARD = "gnu++14";
				CLANG_CXX_LIBRARY = "libc++";
				CLANG_ENABLE_MODULES = YES;
				CLANG_ENABLE_OBJC_ARC = YES;
				CLANG_ENABLE_OBJC_WEAK = YES;
				CLANG_WARN_BLOCK_CAPTURE_AUTORELEASING = YES;
				CLANG_WARN_BOOL_CONVERSION = YES;
				CLANG_WARN_COMMA = YES;
				CLANG_WARN_CONSTANT_CONVERSION = YES;
				CLANG_WARN_DEPRECATED_OBJC_IMPLEMENTATIONS = YES;
				CLANG_WARN_DIRECT_OBJC_ISA_USAGE = YES_ERROR;
				CLANG_WARN_DOCUMENTATION_COMMENTS = YES;
				CLANG_WARN_EMPTY_BODY = YES;
				CLANG_WARN_ENUM_CONVERSION = YES;
				CLANG_WARN_INFINITE_RECURSION = YES;
				CLANG_WARN_INT_CONVERSION = YES;
				CLANG_WARN_NON_LITERAL_NULL_CONVERSION = YES;
				CLANG_WARN_OBJC_IMPLICIT_RETAIN_SELF = YES;
				CLANG_WARN_OBJC_LITERAL_CONVERSION = YES;
				CLANG_WARN_OBJC_ROOT_CLASS = YES_ERROR;
				CLANG_WARN_QUOTED_INCLUDE_IN_FRAMEWORK_HEADER = YES;
				CLANG_WARN_RANGE_LOOP_ANALYSIS = YES;
				CLANG_WARN_STRICT_PROTOTYPES = YES;
				CLANG_WARN_SUSPICIOUS_MOVE = YES;
				CLANG_WARN_UNGUARDED_AVAILABILITY = YES_AGGRESSIVE;
				CLANG_WARN_UNREACHABLE_CODE = YES;
				CLANG_WARN__DUPLICATE_METHOD_MATCH = YES;
				COPY_PHASE_STRIP = NO;
				DEBUG_INFORMATION_FORMAT = dwarf;
				ENABLE_BITCODE = NO;
				ENABLE_STRICT_OBJC_MSGSEND = YES;
				ENABLE_TESTABILITY = YES;
				GCC_C_LANGUAGE_STANDARD = gnu11;
				GCC_DYNAMIC_NO_PIC = NO;
				GCC_NO_COMMON_BLOCKS = YES;
				GCC_OPTIMIZATION_LEVEL = 0;
				GCC_PREPROCESSOR_DEFINITIONS = (
					"DEBUG=1",
					"$(inherited)",
				);
				GCC_WARN_64_TO_32_BIT_CONVERSION = YES;
				GCC_WARN_ABOUT_RETURN_TYPE = YES_ERROR;
				GCC_WARN_UNDECLARED_SELECTOR = YES;
				GCC_WARN_UNINITIALIZED_AUTOS = YES_AGGRESSIVE;
				GCC_WARN_UNUSED_FUNCTION = YES;
				GCC_WARN_UNUSED_VARIABLE = YES;
				IPHONEOS_DEPLOYMENT_TARGET = 12.3;
				MTL_ENABLE_DEBUG_INFO = INCLUDE_SOURCE;
				MTL_FAST_MATH = YES;
				ONLY_ACTIVE_ARCH = YES;
				SDKROOT = iphoneos;
				SWIFT_ACTIVE_COMPILATION_CONDITIONS = DEBUG;
				SWIFT_OPTIMIZATION_LEVEL = "-Onone";
			};
			name = Debug;
		};
		882AAB1222FC96DE004CDAA6 /* Release */ = {
			isa = XCBuildConfiguration;
			buildSettings = {
				ALWAYS_SEARCH_USER_PATHS = NO;
				CLANG_ANALYZER_LOCALIZABILITY_NONLOCALIZED = YES;
				CLANG_ANALYZER_NONNULL = YES;
				CLANG_ANALYZER_NUMBER_OBJECT_CONVERSION = YES_AGGRESSIVE;
				CLANG_CXX_LANGUAGE_STANDARD = "gnu++14";
				CLANG_CXX_LIBRARY = "libc++";
				CLANG_ENABLE_MODULES = YES;
				CLANG_ENABLE_OBJC_ARC = YES;
				CLANG_ENABLE_OBJC_WEAK = YES;
				CLANG_WARN_BLOCK_CAPTURE_AUTORELEASING = YES;
				CLANG_WARN_BOOL_CONVERSION = YES;
				CLANG_WARN_COMMA = YES;
				CLANG_WARN_CONSTANT_CONVERSION = YES;
				CLANG_WARN_DEPRECATED_OBJC_IMPLEMENTATIONS = YES;
				CLANG_WARN_DIRECT_OBJC_ISA_USAGE = YES_ERROR;
				CLANG_WARN_DOCUMENTATION_COMMENTS = YES;
				CLANG_WARN_EMPTY_BODY = YES;
				CLANG_WARN_ENUM_CONVERSION = YES;
				CLANG_WARN_INFINITE_RECURSION = YES;
				CLANG_WARN_INT_CONVERSION = YES;
				CLANG_WARN_NON_LITERAL_NULL_CONVERSION = YES;
				CLANG_WARN_OBJC_IMPLICIT_RETAIN_SELF = YES;
				CLANG_WARN_OBJC_LITERAL_CONVERSION = YES;
				CLANG_WARN_OBJC_ROOT_CLASS = YES_ERROR;
				CLANG_WARN_QUOTED_INCLUDE_IN_FRAMEWORK_HEADER = YES;
				CLANG_WARN_RANGE_LOOP_ANALYSIS = YES;
				CLANG_WARN_STRICT_PROTOTYPES = YES;
				CLANG_WARN_SUSPICIOUS_MOVE = YES;
				CLANG_WARN_UNGUARDED_AVAILABILITY = YES_AGGRESSIVE;
				CLANG_WARN_UNREACHABLE_CODE = YES;
				CLANG_WARN__DUPLICATE_METHOD_MATCH = YES;
				COPY_PHASE_STRIP = NO;
				DEBUG_INFORMATION_FORMAT = "dwarf-with-dsym";
				ENABLE_BITCODE = NO;
				ENABLE_NS_ASSERTIONS = NO;
				ENABLE_STRICT_OBJC_MSGSEND = YES;
				GCC_C_LANGUAGE_STANDARD = gnu11;
				GCC_NO_COMMON_BLOCKS = YES;
				GCC_WARN_64_TO_32_BIT_CONVERSION = YES;
				GCC_WARN_ABOUT_RETURN_TYPE = YES_ERROR;
				GCC_WARN_UNDECLARED_SELECTOR = YES;
				GCC_WARN_UNINITIALIZED_AUTOS = YES_AGGRESSIVE;
				GCC_WARN_UNUSED_FUNCTION = YES;
				GCC_WARN_UNUSED_VARIABLE = YES;
				IPHONEOS_DEPLOYMENT_TARGET = 12.3;
				MTL_ENABLE_DEBUG_INFO = NO;
				MTL_FAST_MATH = YES;
				SDKROOT = iphoneos;
				SWIFT_COMPILATION_MODE = wholemodule;
				SWIFT_OPTIMIZATION_LEVEL = "-O";
				VALIDATE_PRODUCT = YES;
			};
			name = Release;
		};
		882AAB1422FC96DE004CDAA6 /* Debug */ = {
			isa = XCBuildConfiguration;
			baseConfigurationReference = 232267938E12104C73060CF6 /* Pods-DigiliraPay.debug.xcconfig */;
			buildSettings = {
				ASSETCATALOG_COMPILER_APPICON_NAME = AppIcon;
				CODE_SIGN_ENTITLEMENTS = DigiliraPay/DigiliraPay.entitlements;
				CODE_SIGN_STYLE = Automatic;
				CURRENT_PROJECT_VERSION = 73;
				DEVELOPMENT_TEAM = 3543QJXWHA;
				GCC_WARN_64_TO_32_BIT_CONVERSION = NO;
				INFOPLIST_FILE = DigiliraPay/Info.plist;
				IPHONEOS_DEPLOYMENT_TARGET = 12.0;
				LD_RUNPATH_SEARCH_PATHS = (
					"$(inherited)",
					"@executable_path/Frameworks",
				);
				MARKETING_VERSION = 1.0;
				PRODUCT_BUNDLE_IDENTIFIER = com.digilirapay.gateway;
				PRODUCT_NAME = DigiliraPay;
				SUPPORTS_MACCATALYST = NO;
				SWIFT_VERSION = 5.0;
				TARGETED_DEVICE_FAMILY = 1;
			};
			name = Debug;
		};
		882AAB1522FC96DE004CDAA6 /* Release */ = {
			isa = XCBuildConfiguration;
			baseConfigurationReference = 71F87FB64A359B715E1F208F /* Pods-DigiliraPay.release.xcconfig */;
			buildSettings = {
				ASSETCATALOG_COMPILER_APPICON_NAME = AppIcon;
				CODE_SIGN_ENTITLEMENTS = DigiliraPay/DigiliraPayRelease.entitlements;
				CODE_SIGN_STYLE = Automatic;
				CURRENT_PROJECT_VERSION = 73;
				DEVELOPMENT_TEAM = 3543QJXWHA;
				GCC_WARN_64_TO_32_BIT_CONVERSION = NO;
				INFOPLIST_FILE = DigiliraPay/Info.plist;
				IPHONEOS_DEPLOYMENT_TARGET = 12.0;
				LD_RUNPATH_SEARCH_PATHS = (
					"$(inherited)",
					"@executable_path/Frameworks",
				);
				MARKETING_VERSION = 1.0;
				PRODUCT_BUNDLE_IDENTIFIER = com.digilirapay.gateway;
				PRODUCT_NAME = DigiliraPay;
				SUPPORTS_MACCATALYST = NO;
				SWIFT_VERSION = 5.0;
				TARGETED_DEVICE_FAMILY = 1;
			};
			name = Release;
		};
/* End XCBuildConfiguration section */

/* Begin XCConfigurationList section */
		882AAAFA22FC96DD004CDAA6 /* Build configuration list for PBXProject "DigiliraPay" */ = {
			isa = XCConfigurationList;
			buildConfigurations = (
				882AAB1122FC96DE004CDAA6 /* Debug */,
				882AAB1222FC96DE004CDAA6 /* Release */,
			);
			defaultConfigurationIsVisible = 0;
			defaultConfigurationName = Release;
		};
		882AAB1322FC96DE004CDAA6 /* Build configuration list for PBXNativeTarget "DigiliraPay" */ = {
			isa = XCConfigurationList;
			buildConfigurations = (
				882AAB1422FC96DE004CDAA6 /* Debug */,
				882AAB1522FC96DE004CDAA6 /* Release */,
			);
			defaultConfigurationIsVisible = 0;
			defaultConfigurationName = Release;
		};
/* End XCConfigurationList section */
	};
	rootObject = 882AAAF722FC96DD004CDAA6 /* Project object */;
}
